
Microsoft Visual Studio Solution File, Format Version 12.00
# Visual Studio Version 17
VisualStudioVersion = 17.11.35327.3
MinimumVisualStudioVersion = 10.0.40219.1
Project("{9A19103F-16F7-4668-BE54-9A1E7A4F7556}") = "YemekSiparis", "NDP Ödev 1\YemekSiparis.csproj", "{73325F20-EFE7-49F5-BCA0-AB5CBF558CF9}"
EndProject
Project("{2150E333-8FDC-42A3-9474-1A3956D46DE8}") = "Çözüm Öğeleri", "Çözüm Öğeleri", "{679C8ACF-5481-4D52-88AA-7B59E5186680}"
EndProject
Global
	GlobalSection(SolutionConfigurationPlatforms) = preSolution
		Debug|Any CPU = Debug|Any CPU
		Release|Any CPU = Release|Any CPU
	EndGlobalSection
	GlobalSection(ProjectConfigurationPlatforms) = postSolution
		{73325F20-EFE7-49F5-BCA0-AB5CBF558CF9}.Debug|Any CPU.ActiveCfg = Debug|Any CPU
		{73325F20-EFE7-49F5-BCA0-AB5CBF558CF9}.Debug|Any CPU.Build.0 = Debug|Any CPU
		{73325F20-EFE7-49F5-BCA0-AB5CBF558CF9}.Release|Any CPU.ActiveCfg = Release|Any CPU
		{73325F20-EFE7-49F5-BCA0-AB5CBF558CF9}.Release|Any CPU.Build.0 = Release|Any CPU
	EndGlobalSection
	GlobalSection(SolutionProperties) = preSolution
		HideSolutionNode = FALSE
	EndGlobalSection
	GlobalSection(ExtensibilityGlobals) = postSolution
		SolutionGuid = {C003BA2C-7887-4B42-9D57-9977D5D5126B}
	EndGlobalSection
EndGlobal
